
Microsoft Visual Studio Solution File, Format Version 12.00
# Visual Studio Version 16
VisualStudioVersion = 16.0.29209.152
MinimumVisualStudioVersion = 10.0.40219.1
Project("{9A19103F-16F7-4668-BE54-9A1E7A4F7556}") = "Codecoverage", "Source\Codecoverage\Codecoverage.csproj", "{C78C3158-BA60-48CB-9ABA-AFAC7F030685}"
EndProject
Project("{9A19103F-16F7-4668-BE54-9A1E7A4F7556}") = "Collector", "Source\Collector\Collector.csproj", "{DD80CB76-628A-4EAF-AD7B-134B12BE9871}"
EndProject
Project("{9A19103F-16F7-4668-BE54-9A1E7A4F7556}") = "Service", "Source\Service\Service.csproj", "{845046A2-3CE0-434A-947B-000CD117707E}"
EndProject
Project("{9A19103F-16F7-4668-BE54-9A1E7A4F7556}") = "UnitTest", "Source\UnitTest\UnitTest.csproj", "{F103B8BC-A87A-4047-81FC-5329562E8283}"
EndProject
Project("{9A19103F-16F7-4668-BE54-9A1E7A4F7556}") = "Build", "Source\Build\Build.csproj", "{8458C7D6-71C2-4062-BDF7-C64B8835B16E}"
EndProject
Global
	GlobalSection(SolutionConfigurationPlatforms) = preSolution
		Debug|Any CPU = Debug|Any CPU
		Release|Any CPU = Release|Any CPU
	EndGlobalSection
	GlobalSection(ProjectConfigurationPlatforms) = postSolution
		{C78C3158-BA60-48CB-9ABA-AFAC7F030685}.Debug|Any CPU.ActiveCfg = Debug|Any CPU
		{C78C3158-BA60-48CB-9ABA-AFAC7F030685}.Debug|Any CPU.Build.0 = Debug|Any CPU
		{C78C3158-BA60-48CB-9ABA-AFAC7F030685}.Release|Any CPU.ActiveCfg = Release|Any CPU
		{C78C3158-BA60-48CB-9ABA-AFAC7F030685}.Release|Any CPU.Build.0 = Release|Any CPU
		{DD80CB76-628A-4EAF-AD7B-134B12BE9871}.Debug|Any CPU.ActiveCfg = Debug|Any CPU
		{DD80CB76-628A-4EAF-AD7B-134B12BE9871}.Debug|Any CPU.Build.0 = Debug|Any CPU
		{DD80CB76-628A-4EAF-AD7B-134B12BE9871}.Release|Any CPU.ActiveCfg = Release|Any CPU
		{DD80CB76-628A-4EAF-AD7B-134B12BE9871}.Release|Any CPU.Build.0 = Release|Any CPU
		{845046A2-3CE0-434A-947B-000CD117707E}.Debug|Any CPU.ActiveCfg = Debug|Any CPU
		{845046A2-3CE0-434A-947B-000CD117707E}.Debug|Any CPU.Build.0 = Debug|Any CPU
		{845046A2-3CE0-434A-947B-000CD117707E}.Release|Any CPU.ActiveCfg = Release|Any CPU
		{845046A2-3CE0-434A-947B-000CD117707E}.Release|Any CPU.Build.0 = Release|Any CPU
		{F103B8BC-A87A-4047-81FC-5329562E8283}.Debug|Any CPU.ActiveCfg = Debug|Any CPU
		{F103B8BC-A87A-4047-81FC-5329562E8283}.Debug|Any CPU.Build.0 = Debug|Any CPU
		{F103B8BC-A87A-4047-81FC-5329562E8283}.Release|Any CPU.ActiveCfg = Release|Any CPU
		{F103B8BC-A87A-4047-81FC-5329562E8283}.Release|Any CPU.Build.0 = Release|Any CPU
		{8458C7D6-71C2-4062-BDF7-C64B8835B16E}.Debug|Any CPU.ActiveCfg = Debug|Any CPU
		{8458C7D6-71C2-4062-BDF7-C64B8835B16E}.Debug|Any CPU.Build.0 = Debug|Any CPU
		{8458C7D6-71C2-4062-BDF7-C64B8835B16E}.Release|Any CPU.ActiveCfg = Release|Any CPU
		{8458C7D6-71C2-4062-BDF7-C64B8835B16E}.Release|Any CPU.Build.0 = Release|Any CPU
	EndGlobalSection
	GlobalSection(SolutionProperties) = preSolution
		HideSolutionNode = FALSE
	EndGlobalSection
	GlobalSection(ExtensibilityGlobals) = postSolution
		SolutionGuid = {49CD3C9C-4A77-4AA6-97F8-31099786ECD6}
	EndGlobalSection
EndGlobal
